
Microsoft Visual Studio Solution File, Format Version 12.00
Project("{FAE04EC0-301F-11D3-BF4B-00C04F79EFBC}") = "KazdyDzienZJezusem", "KazdyDzienZJezusem\KazdyDzienZJezusem.csproj", "{4F23E07B-4058-48E4-A1D8-C3A2552BC954}"
EndProject
Project("{2150E333-8FDC-42A3-9474-1A3956D46DE8}") = "Infr", "Infr", "{9DB75F8F-8CA7-45F8-B421-69B9A8E1371B}"
	ProjectSection(SolutionItems) = preProject
		podman-run.sh = podman-run.sh
		podman-build.sh = podman-build.sh
		load-the-bible.py = load-the-bible.py
	EndProjectSection
EndProject
Global
	GlobalSection(SolutionConfigurationPlatforms) = preSolution
		Debug|Any CPU = Debug|Any CPU
		Release|Any CPU = Release|Any CPU
	EndGlobalSection
	GlobalSection(ProjectConfigurationPlatforms) = postSolution
		{4F23E07B-4058-48E4-A1D8-C3A2552BC954}.Debug|Any CPU.ActiveCfg = Debug|Any CPU
		{4F23E07B-4058-48E4-A1D8-C3A2552BC954}.Debug|Any CPU.Build.0 = Debug|Any CPU
		{4F23E07B-4058-48E4-A1D8-C3A2552BC954}.Release|Any CPU.ActiveCfg = Release|Any CPU
		{4F23E07B-4058-48E4-A1D8-C3A2552BC954}.Release|Any CPU.Build.0 = Release|Any CPU
	EndGlobalSection
EndGlobal
